
Microsoft Visual Studio Solution File, Format Version 12.00
# Visual Studio 15
VisualStudioVersion = 15.0.27428.2005
MinimumVisualStudioVersion = 10.0.40219.1
Project("{FAE04EC0-301F-11D3-BF4B-00C04F79EFBC}") = "ProjectHM1", "ConsoleApp2\ProjectHM1.csproj", "{DB0DCDDB-7C29-4D34-AD26-033EF09D2030}"
EndProject
Global
	GlobalSection(SolutionConfigurationPlatforms) = preSolution
		Debug|Any CPU = Debug|Any CPU
		Release|Any CPU = Release|Any CPU
	EndGlobalSection
	GlobalSection(ProjectConfigurationPlatforms) = postSolution
		{DB0DCDDB-7C29-4D34-AD26-033EF09D2030}.Debug|Any CPU.ActiveCfg = Debug|Any CPU
		{DB0DCDDB-7C29-4D34-AD26-033EF09D2030}.Debug|Any CPU.Build.0 = Debug|Any CPU
		{DB0DCDDB-7C29-4D34-AD26-033EF09D2030}.Release|Any CPU.ActiveCfg = Release|Any CPU
		{DB0DCDDB-7C29-4D34-AD26-033EF09D2030}.Release|Any CPU.Build.0 = Release|Any CPU
	EndGlobalSection
	GlobalSection(SolutionProperties) = preSolution
		HideSolutionNode = FALSE
	EndGlobalSection
	GlobalSection(ExtensibilityGlobals) = postSolution
		SolutionGuid = {E120045D-0800-4CDF-A19D-F9DA79E86591}
	EndGlobalSection
EndGlobal
